// !$*UTF8*$!
{
	archiveVersion = 1;
	classes = {
	};
	objectVersion = 56;
	objects = {

/* Begin PBXBuildFile section */
		1F37311C2AF354AC00F9E82D /* APButton.swift in Sources */ = {isa = PBXBuildFile; fileRef = 1F37311B2AF354AC00F9E82D /* APButton.swift */; };
		1F37311E2AF355B500F9E82D /* XDismissButton.swift in Sources */ = {isa = PBXBuildFile; fileRef = 1F37311D2AF355B500F9E82D /* XDismissButton.swift */; };
		1F3731202AF5EC9C00F9E82D /* AccountViewModel.swift in Sources */ = {isa = PBXBuildFile; fileRef = 1F37311F2AF5EC9C00F9E82D /* AccountViewModel.swift */; };
		1F3731222AF5EE2200F9E82D /* String+Ext.swift in Sources */ = {isa = PBXBuildFile; fileRef = 1F3731212AF5EE2200F9E82D /* String+Ext.swift */; };
		1F68D56D2AC7C91800E2EB50 /* RemoteImage.swift in Sources */ = {isa = PBXBuildFile; fileRef = 1F68D56C2AC7C91800E2EB50 /* RemoteImage.swift */; };
		1F68D57C2ACB9BB300E2EB50 /* AppetizerDetailView.swift in Sources */ = {isa = PBXBuildFile; fileRef = 1F68D57B2ACB9BB300E2EB50 /* AppetizerDetailView.swift */; };
		1F9E9CDE2AB407FF00CAD0A1 /* SwiftUI_AppetizersApp.swift in Sources */ = {isa = PBXBuildFile; fileRef = 1F9E9CDD2AB407FF00CAD0A1 /* SwiftUI_AppetizersApp.swift */; };
		1F9E9CE02AB407FF00CAD0A1 /* AppetizerTabView.swift in Sources */ = {isa = PBXBuildFile; fileRef = 1F9E9CDF2AB407FF00CAD0A1 /* AppetizerTabView.swift */; };
		1F9E9CE22AB4080000CAD0A1 /* Assets.xcassets in Resources */ = {isa = PBXBuildFile; fileRef = 1F9E9CE12AB4080000CAD0A1 /* Assets.xcassets */; };
		1F9E9CE52AB4080000CAD0A1 /* Preview Assets.xcassets in Resources */ = {isa = PBXBuildFile; fileRef = 1F9E9CE42AB4080000CAD0A1 /* Preview Assets.xcassets */; };
		1F9E9CEC2AB4087B00CAD0A1 /* AppetizerListView.swift in Sources */ = {isa = PBXBuildFile; fileRef = 1F9E9CEB2AB4087B00CAD0A1 /* AppetizerListView.swift */; };
		1F9E9CEE2AB4088400CAD0A1 /* AccountView.swift in Sources */ = {isa = PBXBuildFile; fileRef = 1F9E9CED2AB4088400CAD0A1 /* AccountView.swift */; };
		1F9E9CF02AB4088A00CAD0A1 /* OrderView.swift in Sources */ = {isa = PBXBuildFile; fileRef = 1F9E9CEF2AB4088A00CAD0A1 /* OrderView.swift */; };
		1F9E9CF22AB40D5F00CAD0A1 /* Appetizer.swift in Sources */ = {isa = PBXBuildFile; fileRef = 1F9E9CF12AB40D5F00CAD0A1 /* Appetizer.swift */; };
		1F9E9CF42AB414C100CAD0A1 /* AppetizerListCell.swift in Sources */ = {isa = PBXBuildFile; fileRef = 1F9E9CF32AB414C100CAD0A1 /* AppetizerListCell.swift */; };
		1F9E9CF62AB947E700CAD0A1 /* NetworkManager.swift in Sources */ = {isa = PBXBuildFile; fileRef = 1F9E9CF52AB947E700CAD0A1 /* NetworkManager.swift */; };
		1F9E9CF82AB9496600CAD0A1 /* APError.swift in Sources */ = {isa = PBXBuildFile; fileRef = 1F9E9CF72AB9496600CAD0A1 /* APError.swift */; };
		1F9E9CFA2ABA5E3500CAD0A1 /* AppetizersListViewModel.swift in Sources */ = {isa = PBXBuildFile; fileRef = 1F9E9CF92ABA5E3500CAD0A1 /* AppetizersListViewModel.swift */; };
		1FA8951D2ABD3209008B9987 /* Alert.swift in Sources */ = {isa = PBXBuildFile; fileRef = 1FA8951C2ABD3209008B9987 /* Alert.swift */; };
		1FA8951F2ABD371A008B9987 /* LoadingView.swift in Sources */ = {isa = PBXBuildFile; fileRef = 1FA8951E2ABD371A008B9987 /* LoadingView.swift */; };
		1FA895212ABD381F008B9987 /* Color+Ext.swift in Sources */ = {isa = PBXBuildFile; fileRef = 1FA895202ABD381F008B9987 /* Color+Ext.swift */; };
/* End PBXBuildFile section */

/* Begin PBXFileReference section */
		1F37311B2AF354AC00F9E82D /* APButton.swift */ = {isa = PBXFileReference; lastKnownFileType = sourcecode.swift; path = APButton.swift; sourceTree = "<group>"; };
		1F37311D2AF355B500F9E82D /* XDismissButton.swift */ = {isa = PBXFileReference; lastKnownFileType = sourcecode.swift; path = XDismissButton.swift; sourceTree = "<group>"; };
		1F37311F2AF5EC9C00F9E82D /* AccountViewModel.swift */ = {isa = PBXFileReference; lastKnownFileType = sourcecode.swift; path = AccountViewModel.swift; sourceTree = "<group>"; };
		1F3731212AF5EE2200F9E82D /* String+Ext.swift */ = {isa = PBXFileReference; lastKnownFileType = sourcecode.swift; path = "String+Ext.swift"; sourceTree = "<group>"; };
		1F68D56C2AC7C91800E2EB50 /* RemoteImage.swift */ = {isa = PBXFileReference; lastKnownFileType = sourcecode.swift; path = RemoteImage.swift; sourceTree = "<group>"; };
		1F68D57B2ACB9BB300E2EB50 /* AppetizerDetailView.swift */ = {isa = PBXFileReference; lastKnownFileType = sourcecode.swift; path = AppetizerDetailView.swift; sourceTree = "<group>"; };
		1F9E9CDA2AB407FF00CAD0A1 /* SwiftUI-Appetizers.app */ = {isa = PBXFileReference; explicitFileType = wrapper.application; includeInIndex = 0; path = "SwiftUI-Appetizers.app"; sourceTree = BUILT_PRODUCTS_DIR; };
		1F9E9CDD2AB407FF00CAD0A1 /* SwiftUI_AppetizersApp.swift */ = {isa = PBXFileReference; lastKnownFileType = sourcecode.swift; path = SwiftUI_AppetizersApp.swift; sourceTree = "<group>"; };
		1F9E9CDF2AB407FF00CAD0A1 /* AppetizerTabView.swift */ = {isa = PBXFileReference; lastKnownFileType = sourcecode.swift; path = AppetizerTabView.swift; sourceTree = "<group>"; };
		1F9E9CE12AB4080000CAD0A1 /* Assets.xcassets */ = {isa = PBXFileReference; lastKnownFileType = folder.assetcatalog; path = Assets.xcassets; sourceTree = "<group>"; };
		1F9E9CE42AB4080000CAD0A1 /* Preview Assets.xcassets */ = {isa = PBXFileReference; lastKnownFileType = folder.assetcatalog; path = "Preview Assets.xcassets"; sourceTree = "<group>"; };
		1F9E9CEB2AB4087B00CAD0A1 /* AppetizerListView.swift */ = {isa = PBXFileReference; lastKnownFileType = sourcecode.swift; path = AppetizerListView.swift; sourceTree = "<group>"; };
		1F9E9CED2AB4088400CAD0A1 /* AccountView.swift */ = {isa = PBXFileReference; lastKnownFileType = sourcecode.swift; path = AccountView.swift; sourceTree = "<group>"; };
		1F9E9CEF2AB4088A00CAD0A1 /* OrderView.swift */ = {isa = PBXFileReference; lastKnownFileType = sourcecode.swift; path = OrderView.swift; sourceTree = "<group>"; };
		1F9E9CF12AB40D5F00CAD0A1 /* Appetizer.swift */ = {isa = PBXFileReference; lastKnownFileType = sourcecode.swift; path = Appetizer.swift; sourceTree = "<group>"; };
		1F9E9CF32AB414C100CAD0A1 /* AppetizerListCell.swift */ = {isa = PBXFileReference; lastKnownFileType = sourcecode.swift; path = AppetizerListCell.swift; sourceTree = "<group>"; };
		1F9E9CF52AB947E700CAD0A1 /* NetworkManager.swift */ = {isa = PBXFileReference; lastKnownFileType = sourcecode.swift; path = NetworkManager.swift; sourceTree = "<group>"; };
		1F9E9CF72AB9496600CAD0A1 /* APError.swift */ = {isa = PBXFileReference; lastKnownFileType = sourcecode.swift; path = APError.swift; sourceTree = "<group>"; };
		1F9E9CF92ABA5E3500CAD0A1 /* AppetizersListViewModel.swift */ = {isa = PBXFileReference; lastKnownFileType = sourcecode.swift; path = AppetizersListViewModel.swift; sourceTree = "<group>"; };
		1FA8951C2ABD3209008B9987 /* Alert.swift */ = {isa = PBXFileReference; lastKnownFileType = sourcecode.swift; path = Alert.swift; sourceTree = "<group>"; };
		1FA8951E2ABD371A008B9987 /* LoadingView.swift */ = {isa = PBXFileReference; lastKnownFileType = sourcecode.swift; path = LoadingView.swift; sourceTree = "<group>"; };
		1FA895202ABD381F008B9987 /* Color+Ext.swift */ = {isa = PBXFileReference; lastKnownFileType = sourcecode.swift; path = "Color+Ext.swift"; sourceTree = "<group>"; };
/* End PBXFileReference section */

/* Begin PBXFrameworksBuildPhase section */
		1F9E9CD72AB407FF00CAD0A1 /* Frameworks */ = {
			isa = PBXFrameworksBuildPhase;
			buildActionMask = 2147483647;
			files = (
			);
			runOnlyForDeploymentPostprocessing = 0;
		};
/* End PBXFrameworksBuildPhase section */

/* Begin PBXGroup section */
		1F37311A2AF3547700F9E82D /* Buttons */ = {
			isa = PBXGroup;
			children = (
				1F37311B2AF354AC00F9E82D /* APButton.swift */,
				1F37311D2AF355B500F9E82D /* XDismissButton.swift */,
			);
			path = Buttons;
			sourceTree = "<group>";
		};
		1F68D56E2ACB999A00E2EB50 /* Screens */ = {
			isa = PBXGroup;
			children = (
				1F9E9CDF2AB407FF00CAD0A1 /* AppetizerTabView.swift */,
				1F68D56F2ACB99A900E2EB50 /* AppetizersListView */,
				1F68D5702ACB99B800E2EB50 /* AccountView */,
				1F68D5712ACB99C100E2EB50 /* OrderView */,
			);
			path = Screens;
			sourceTree = "<group>";
		};
		1F68D56F2ACB99A900E2EB50 /* AppetizersListView */ = {
			isa = PBXGroup;
			children = (
				1F9E9CF92ABA5E3500CAD0A1 /* AppetizersListViewModel.swift */,
				1F9E9CEB2AB4087B00CAD0A1 /* AppetizerListView.swift */,
				1F68D57B2ACB9BB300E2EB50 /* AppetizerDetailView.swift */,
			);
			path = AppetizersListView;
			sourceTree = "<group>";
		};
		1F68D5702ACB99B800E2EB50 /* AccountView */ = {
			isa = PBXGroup;
			children = (
				1F9E9CED2AB4088400CAD0A1 /* AccountView.swift */,
				1F37311F2AF5EC9C00F9E82D /* AccountViewModel.swift */,
			);
			path = AccountView;
			sourceTree = "<group>";
		};
		1F68D5712ACB99C100E2EB50 /* OrderView */ = {
			isa = PBXGroup;
			children = (
				1F9E9CEF2AB4088A00CAD0A1 /* OrderView.swift */,
			);
			path = OrderView;
			sourceTree = "<group>";
		};
		1F68D5722ACB9A0B00E2EB50 /* Utilities */ = {
			isa = PBXGroup;
			children = (
				1F68D5752ACB9A2F00E2EB50 /* Alerts */,
				1F68D5742ACB9A1E00E2EB50 /* Extensions */,
				1F68D5732ACB9A1600E2EB50 /* Managers */,
			);
			path = Utilities;
			sourceTree = "<group>";
		};
		1F68D5732ACB9A1600E2EB50 /* Managers */ = {
			isa = PBXGroup;
			children = (
				1F9E9CF52AB947E700CAD0A1 /* NetworkManager.swift */,
			);
			path = Managers;
			sourceTree = "<group>";
		};
		1F68D5742ACB9A1E00E2EB50 /* Extensions */ = {
			isa = PBXGroup;
			children = (
				1FA895202ABD381F008B9987 /* Color+Ext.swift */,
				1F3731212AF5EE2200F9E82D /* String+Ext.swift */,
			);
			path = Extensions;
			sourceTree = "<group>";
		};
		1F68D5752ACB9A2F00E2EB50 /* Alerts */ = {
			isa = PBXGroup;
			children = (
				1F9E9CF72AB9496600CAD0A1 /* APError.swift */,
				1FA8951C2ABD3209008B9987 /* Alert.swift */,
			);
			path = Alerts;
			sourceTree = "<group>";
		};
		1F68D5762ACB9A4B00E2EB50 /* Model */ = {
			isa = PBXGroup;
			children = (
				1F9E9CF12AB40D5F00CAD0A1 /* Appetizer.swift */,
			);
			path = Model;
			sourceTree = "<group>";
		};
		1F68D5772ACB9A7600E2EB50 /* Views */ = {
			isa = PBXGroup;
			children = (
				1F37311A2AF3547700F9E82D /* Buttons */,
				1F68D57A2ACB9A9800E2EB50 /* Image */,
				1F68D5792ACB9A8A00E2EB50 /* Cells */,
				1F68D5782ACB9A7E00E2EB50 /* UIKit Components */,
			);
			path = Views;
			sourceTree = "<group>";
		};
		1F68D5782ACB9A7E00E2EB50 /* UIKit Components */ = {
			isa = PBXGroup;
			children = (
				1FA8951E2ABD371A008B9987 /* LoadingView.swift */,
			);
			path = "UIKit Components";
			sourceTree = "<group>";
		};
		1F68D5792ACB9A8A00E2EB50 /* Cells */ = {
			isa = PBXGroup;
			children = (
				1F9E9CF32AB414C100CAD0A1 /* AppetizerListCell.swift */,
			);
			path = Cells;
			sourceTree = "<group>";
		};
		1F68D57A2ACB9A9800E2EB50 /* Image */ = {
			isa = PBXGroup;
			children = (
				1F68D56C2AC7C91800E2EB50 /* RemoteImage.swift */,
			);
			path = Image;
			sourceTree = "<group>";
		};
		1F9E9CD12AB407FF00CAD0A1 = {
			isa = PBXGroup;
			children = (
				1F9E9CDC2AB407FF00CAD0A1 /* SwiftUI-Appetizers */,
				1F9E9CDB2AB407FF00CAD0A1 /* Products */,
			);
			sourceTree = "<group>";
		};
		1F9E9CDB2AB407FF00CAD0A1 /* Products */ = {
			isa = PBXGroup;
			children = (
				1F9E9CDA2AB407FF00CAD0A1 /* SwiftUI-Appetizers.app */,
			);
			name = Products;
			sourceTree = "<group>";
		};
		1F9E9CDC2AB407FF00CAD0A1 /* SwiftUI-Appetizers */ = {
			isa = PBXGroup;
			children = (
				1F68D5762ACB9A4B00E2EB50 /* Model */,
				1F68D5722ACB9A0B00E2EB50 /* Utilities */,
				1F68D5772ACB9A7600E2EB50 /* Views */,
				1F68D56E2ACB999A00E2EB50 /* Screens */,
				1F9E9CDD2AB407FF00CAD0A1 /* SwiftUI_AppetizersApp.swift */,
				1F9E9CE12AB4080000CAD0A1 /* Assets.xcassets */,
				1F9E9CE32AB4080000CAD0A1 /* Preview Content */,
			);
			path = "SwiftUI-Appetizers";
			sourceTree = "<group>";
		};
		1F9E9CE32AB4080000CAD0A1 /* Preview Content */ = {
			isa = PBXGroup;
			children = (
				1F9E9CE42AB4080000CAD0A1 /* Preview Assets.xcassets */,
			);
			path = "Preview Content";
			sourceTree = "<group>";
		};
/* End PBXGroup section */

/* Begin PBXNativeTarget section */
		1F9E9CD92AB407FF00CAD0A1 /* SwiftUI-Appetizers */ = {
			isa = PBXNativeTarget;
			buildConfigurationList = 1F9E9CE82AB4080000CAD0A1 /* Build configuration list for PBXNativeTarget "SwiftUI-Appetizers" */;
			buildPhases = (
				1F9E9CD62AB407FF00CAD0A1 /* Sources */,
				1F9E9CD72AB407FF00CAD0A1 /* Frameworks */,
				1F9E9CD82AB407FF00CAD0A1 /* Resources */,
			);
			buildRules = (
			);
			dependencies = (
			);
			name = "SwiftUI-Appetizers";
			productName = "SwiftUI-Appetizers";
			productReference = 1F9E9CDA2AB407FF00CAD0A1 /* SwiftUI-Appetizers.app */;
			productType = "com.apple.product-type.application";
		};
/* End PBXNativeTarget section */

/* Begin PBXProject section */
		1F9E9CD22AB407FF00CAD0A1 /* Project object */ = {
			isa = PBXProject;
			attributes = {
				BuildIndependentTargetsInParallel = 1;
				LastSwiftUpdateCheck = 1430;
				LastUpgradeCheck = 1430;
				TargetAttributes = {
					1F9E9CD92AB407FF00CAD0A1 = {
						CreatedOnToolsVersion = 14.3.1;
					};
				};
			};
			buildConfigurationList = 1F9E9CD52AB407FF00CAD0A1 /* Build configuration list for PBXProject "SwiftUI-Appetizers" */;
			compatibilityVersion = "Xcode 14.0";
			developmentRegion = en;
			hasScannedForEncodings = 0;
			knownRegions = (
				en,
				Base,
			);
			mainGroup = 1F9E9CD12AB407FF00CAD0A1;
			productRefGroup = 1F9E9CDB2AB407FF00CAD0A1 /* Products */;
			projectDirPath = "";
			projectRoot = "";
			targets = (
				1F9E9CD92AB407FF00CAD0A1 /* SwiftUI-Appetizers */,
			);
		};
/* End PBXProject section */

/* Begin PBXResourcesBuildPhase section */
		1F9E9CD82AB407FF00CAD0A1 /* Resources */ = {
			isa = PBXResourcesBuildPhase;
			buildActionMask = 2147483647;
			files = (
				1F9E9CE52AB4080000CAD0A1 /* Preview Assets.xcassets in Resources */,
				1F9E9CE22AB4080000CAD0A1 /* Assets.xcassets in Resources */,
			);
			runOnlyForDeploymentPostprocessing = 0;
		};
/* End PBXResourcesBuildPhase section */

/* Begin PBXSourcesBuildPhase section */
		1F9E9CD62AB407FF00CAD0A1 /* Sources */ = {
			isa = PBXSourcesBuildPhase;
			buildActionMask = 2147483647;
			files = (
				1F9E9CF22AB40D5F00CAD0A1 /* Appetizer.swift in Sources */,
				1F9E9CFA2ABA5E3500CAD0A1 /* AppetizersListViewModel.swift in Sources */,
				1F37311E2AF355B500F9E82D /* XDismissButton.swift in Sources */,
				1F9E9CF82AB9496600CAD0A1 /* APError.swift in Sources */,
				1F3731202AF5EC9C00F9E82D /* AccountViewModel.swift in Sources */,
				1F9E9CF42AB414C100CAD0A1 /* AppetizerListCell.swift in Sources */,
				1FA895212ABD381F008B9987 /* Color+Ext.swift in Sources */,
				1F9E9CEE2AB4088400CAD0A1 /* AccountView.swift in Sources */,
				1F37311C2AF354AC00F9E82D /* APButton.swift in Sources */,
				1FA8951F2ABD371A008B9987 /* LoadingView.swift in Sources */,
				1F9E9CE02AB407FF00CAD0A1 /* AppetizerTabView.swift in Sources */,
				1F9E9CF62AB947E700CAD0A1 /* NetworkManager.swift in Sources */,
				1F68D56D2AC7C91800E2EB50 /* RemoteImage.swift in Sources */,
				1F68D57C2ACB9BB300E2EB50 /* AppetizerDetailView.swift in Sources */,
				1F9E9CDE2AB407FF00CAD0A1 /* SwiftUI_AppetizersApp.swift in Sources */,
				1FA8951D2ABD3209008B9987 /* Alert.swift in Sources */,
				1F3731222AF5EE2200F9E82D /* String+Ext.swift in Sources */,
				1F9E9CEC2AB4087B00CAD0A1 /* AppetizerListView.swift in Sources */,
				1F9E9CF02AB4088A00CAD0A1 /* OrderView.swift in Sources */,
			);
			runOnlyForDeploymentPostprocessing = 0;
		};
/* End PBXSourcesBuildPhase section */

/* Begin XCBuildConfiguration section */
		1F9E9CE62AB4080000CAD0A1 /* Debug */ = {
			isa = XCBuildConfiguration;
			buildSettings = {
				ALWAYS_SEARCH_USER_PATHS = NO;
				CLANG_ANALYZER_NONNULL = YES;
				CLANG_ANALYZER_NUMBER_OBJECT_CONVERSION = YES_AGGRESSIVE;
				CLANG_CXX_LANGUAGE_STANDARD = "gnu++20";
				CLANG_ENABLE_MODULES = YES;
				CLANG_ENABLE_OBJC_ARC = YES;
				CLANG_ENABLE_OBJC_WEAK = YES;
				CLANG_WARN_BLOCK_CAPTURE_AUTORELEASING = YES;
				CLANG_WARN_BOOL_CONVERSION = YES;
				CLANG_WARN_COMMA = YES;
				CLANG_WARN_CONSTANT_CONVERSION = YES;
				CLANG_WARN_DEPRECATED_OBJC_IMPLEMENTATIONS = YES;
				CLANG_WARN_DIRECT_OBJC_ISA_USAGE = YES_ERROR;
				CLANG_WARN_DOCUMENTATION_COMMENTS = YES;
				CLANG_WARN_EMPTY_BODY = YES;
				CLANG_WARN_ENUM_CONVERSION = YES;
				CLANG_WARN_INFINITE_RECURSION = YES;
				CLANG_WARN_INT_CONVERSION = YES;
				CLANG_WARN_NON_LITERAL_NULL_CONVERSION = YES;
				CLANG_WARN_OBJC_IMPLICIT_RETAIN_SELF = YES;
				CLANG_WARN_OBJC_LITERAL_CONVERSION = YES;
				CLANG_WARN_OBJC_ROOT_CLASS = YES_ERROR;
				CLANG_WARN_QUOTED_INCLUDE_IN_FRAMEWORK_HEADER = YES;
				CLANG_WARN_RANGE_LOOP_ANALYSIS = YES;
				CLANG_WARN_STRICT_PROTOTYPES = YES;
				CLANG_WARN_SUSPICIOUS_MOVE = YES;
				CLANG_WARN_UNGUARDED_AVAILABILITY = YES_AGGRESSIVE;
				CLANG_WARN_UNREACHABLE_CODE = YES;
				CLANG_WARN__DUPLICATE_METHOD_MATCH = YES;
				COPY_PHASE_STRIP = NO;
				DEBUG_INFORMATION_FORMAT = dwarf;
				ENABLE_STRICT_OBJC_MSGSEND = YES;
				ENABLE_TESTABILITY = YES;
				GCC_C_LANGUAGE_STANDARD = gnu11;
				GCC_DYNAMIC_NO_PIC = NO;
				GCC_NO_COMMON_BLOCKS = YES;
				GCC_OPTIMIZATION_LEVEL = 0;
				GCC_PREPROCESSOR_DEFINITIONS = (
					"DEBUG=1",
					"$(inherited)",
				);
				GCC_WARN_64_TO_32_BIT_CONVERSION = YES;
				GCC_WARN_ABOUT_RETURN_TYPE = YES_ERROR;
				GCC_WARN_UNDECLARED_SELECTOR = YES;
				GCC_WARN_UNINITIALIZED_AUTOS = YES_AGGRESSIVE;
				GCC_WARN_UNUSED_FUNCTION = YES;
				GCC_WARN_UNUSED_VARIABLE = YES;
				IPHONEOS_DEPLOYMENT_TARGET = 15.0;
				MTL_ENABLE_DEBUG_INFO = INCLUDE_SOURCE;
				MTL_FAST_MATH = YES;
				ONLY_ACTIVE_ARCH = YES;
				SDKROOT = iphoneos;
				SWIFT_ACTIVE_COMPILATION_CONDITIONS = DEBUG;
				SWIFT_OPTIMIZATION_LEVEL = "-Onone";
			};
			name = Debug;
		};
		1F9E9CE72AB4080000CAD0A1 /* Release */ = {
			isa = XCBuildConfiguration;
			buildSettings = {
				ALWAYS_SEARCH_USER_PATHS = NO;
				CLANG_ANALYZER_NONNULL = YES;
				CLANG_ANALYZER_NUMBER_OBJECT_CONVERSION = YES_AGGRESSIVE;
				CLANG_CXX_LANGUAGE_STANDARD = "gnu++20";
				CLANG_ENABLE_MODULES = YES;
				CLANG_ENABLE_OBJC_ARC = YES;
				CLANG_ENABLE_OBJC_WEAK = YES;
				CLANG_WARN_BLOCK_CAPTURE_AUTORELEASING = YES;
				CLANG_WARN_BOOL_CONVERSION = YES;
				CLANG_WARN_COMMA = YES;
				CLANG_WARN_CONSTANT_CONVERSION = YES;
				CLANG_WARN_DEPRECATED_OBJC_IMPLEMENTATIONS = YES;
				CLANG_WARN_DIRECT_OBJC_ISA_USAGE = YES_ERROR;
				CLANG_WARN_DOCUMENTATION_COMMENTS = YES;
				CLANG_WARN_EMPTY_BODY = YES;
				CLANG_WARN_ENUM_CONVERSION = YES;
				CLANG_WARN_INFINITE_RECURSION = YES;
				CLANG_WARN_INT_CONVERSION = YES;
				CLANG_WARN_NON_LITERAL_NULL_CONVERSION = YES;
				CLANG_WARN_OBJC_IMPLICIT_RETAIN_SELF = YES;
				CLANG_WARN_OBJC_LITERAL_CONVERSION = YES;
				CLANG_WARN_OBJC_ROOT_CLASS = YES_ERROR;
				CLANG_WARN_QUOTED_INCLUDE_IN_FRAMEWORK_HEADER = YES;
				CLANG_WARN_RANGE_LOOP_ANALYSIS = YES;
				CLANG_WARN_STRICT_PROTOTYPES = YES;
				CLANG_WARN_SUSPICIOUS_MOVE = YES;
				CLANG_WARN_UNGUARDED_AVAILABILITY = YES_AGGRESSIVE;
				CLANG_WARN_UNREACHABLE_CODE = YES;
				CLANG_WARN__DUPLICATE_METHOD_MATCH = YES;
				COPY_PHASE_STRIP = NO;
				DEBUG_INFORMATION_FORMAT = "dwarf-with-dsym";
				ENABLE_NS_ASSERTIONS = NO;
				ENABLE_STRICT_OBJC_MSGSEND = YES;
				GCC_C_LANGUAGE_STANDARD = gnu11;
				GCC_NO_COMMON_BLOCKS = YES;
				GCC_WARN_64_TO_32_BIT_CONVERSION = YES;
				GCC_WARN_ABOUT_RETURN_TYPE = YES_ERROR;
				GCC_WARN_UNDECLARED_SELECTOR = YES;
				GCC_WARN_UNINITIALIZED_AUTOS = YES_AGGRESSIVE;
				GCC_WARN_UNUSED_FUNCTION = YES;
				GCC_WARN_UNUSED_VARIABLE = YES;
				IPHONEOS_DEPLOYMENT_TARGET = 15.0;
				MTL_ENABLE_DEBUG_INFO = NO;
				MTL_FAST_MATH = YES;
				SDKROOT = iphoneos;
				SWIFT_COMPILATION_MODE = wholemodule;
				SWIFT_OPTIMIZATION_LEVEL = "-O";
				VALIDATE_PRODUCT = YES;
			};
			name = Release;
		};
		1F9E9CE92AB4080000CAD0A1 /* Debug */ = {
			isa = XCBuildConfiguration;
			buildSettings = {
				ASSETCATALOG_COMPILER_APPICON_NAME = AppIcon;
				ASSETCATALOG_COMPILER_GLOBAL_ACCENT_COLOR_NAME = AccentColor;
				CODE_SIGN_STYLE = Automatic;
				CURRENT_PROJECT_VERSION = 1;
				DEVELOPMENT_ASSET_PATHS = "\"SwiftUI-Appetizers/Preview Content\"";
				DEVELOPMENT_TEAM = MVKV546557;
				ENABLE_PREVIEWS = YES;
				GENERATE_INFOPLIST_FILE = YES;
				INFOPLIST_KEY_UIApplicationSceneManifest_Generation = YES;
				INFOPLIST_KEY_UIApplicationSupportsIndirectInputEvents = YES;
				INFOPLIST_KEY_UILaunchScreen_Generation = YES;
				INFOPLIST_KEY_UISupportedInterfaceOrientations_iPad = "UIInterfaceOrientationPortrait UIInterfaceOrientationPortraitUpsideDown UIInterfaceOrientationLandscapeLeft UIInterfaceOrientationLandscapeRight";
				INFOPLIST_KEY_UISupportedInterfaceOrientations_iPhone = "UIInterfaceOrientationPortrait UIInterfaceOrientationLandscapeLeft UIInterfaceOrientationLandscapeRight";
				IPHONEOS_DEPLOYMENT_TARGET = 15.0;
				LD_RUNPATH_SEARCH_PATHS = (
					"$(inherited)",
					"@executable_path/Frameworks",
				);
				MARKETING_VERSION = 1.0;
				PRODUCT_BUNDLE_IDENTIFIER = "com.SinnigMedia.SwiftUI-Appetizers";
				PRODUCT_NAME = "$(TARGET_NAME)";
				SWIFT_EMIT_LOC_STRINGS = YES;
				SWIFT_VERSION = 5.0;
				TARGETED_DEVICE_FAMILY = "1,2";
			};
			name = Debug;
		};
		1F9E9CEA2AB4080000CAD0A1 /* Release */ = {
			isa = XCBuildConfiguration;
			buildSettings = {
				ASSETCATALOG_COMPILER_APPICON_NAME = AppIcon;
				ASSETCATALOG_COMPILER_GLOBAL_ACCENT_COLOR_NAME = AccentColor;
				CODE_SIGN_STYLE = Automatic;
				CURRENT_PROJECT_VERSION = 1;
				DEVELOPMENT_ASSET_PATHS = "\"SwiftUI-Appetizers/Preview Content\"";
				DEVELOPMENT_TEAM = MVKV546557;
				ENABLE_PREVIEWS = YES;
				GENERATE_INFOPLIST_FILE = YES;
				INFOPLIST_KEY_UIApplicationSceneManifest_Generation = YES;
				INFOPLIST_KEY_UIApplicationSupportsIndirectInputEvents = YES;
				INFOPLIST_KEY_UILaunchScreen_Generation = YES;
				INFOPLIST_KEY_UISupportedInterfaceOrientations_iPad = "UIInterfaceOrientationPortrait UIInterfaceOrientationPortraitUpsideDown UIInterfaceOrientationLandscapeLeft UIInterfaceOrientationLandscapeRight";
				INFOPLIST_KEY_UISupportedInterfaceOrientations_iPhone = "UIInterfaceOrientationPortrait UIInterfaceOrientationLandscapeLeft UIInterfaceOrientationLandscapeRight";
				IPHONEOS_DEPLOYMENT_TARGET = 15.0;
				LD_RUNPATH_SEARCH_PATHS = (
					"$(inherited)",
					"@executable_path/Frameworks",
				);
				MARKETING_VERSION = 1.0;
				PRODUCT_BUNDLE_IDENTIFIER = "com.SinnigMedia.SwiftUI-Appetizers";
				PRODUCT_NAME = "$(TARGET_NAME)";
				SWIFT_EMIT_LOC_STRINGS = YES;
				SWIFT_VERSION = 5.0;
				TARGETED_DEVICE_FAMILY = "1,2";
			};
			name = Release;
		};
/* End XCBuildConfiguration section */

/* Begin XCConfigurationList section */
		1F9E9CD52AB407FF00CAD0A1 /* Build configuration list for PBXProject "SwiftUI-Appetizers" */ = {
			isa = XCConfigurationList;
			buildConfigurations = (
				1F9E9CE62AB4080000CAD0A1 /* Debug */,
				1F9E9CE72AB4080000CAD0A1 /* Release */,
			);
			defaultConfigurationIsVisible = 0;
			defaultConfigurationName = Release;
		};
		1F9E9CE82AB4080000CAD0A1 /* Build configuration list for PBXNativeTarget "SwiftUI-Appetizers" */ = {
			isa = XCConfigurationList;
			buildConfigurations = (
				1F9E9CE92AB4080000CAD0A1 /* Debug */,
				1F9E9CEA2AB4080000CAD0A1 /* Release */,
			);
			defaultConfigurationIsVisible = 0;
			defaultConfigurationName = Release;
		};
/* End XCConfigurationList section */
	};
	rootObject = 1F9E9CD22AB407FF00CAD0A1 /* Project object */;
}
